schema: '2.0'
stages:
  ingest-data:
    cmd: python scripts/prepare_data.py
    outs:
    - path: data/tool-selection/tool_selection_dataset
      hash: md5
      md5: 7c03051cb0619a4ad58a1b0b23e95864.dir
      size: 27265360
      nfiles: 10
  train:
    cmd: python scripts/train.py
    deps:
    - path: data/tool-selection/tool_selection_dataset
      hash: md5
      md5: d68bbc7104bb8aad831749c94c348265.dir
      size: 153244168
      nfiles: 19
    - path: scripts/train.py
      hash: md5
      md5: 9f2f4a0022989c9cadabd1a68e3dd198
      size: 2518
    - path: src
      hash: md5
      md5: a66969a79bf5a37ddf60e4a16b3d1909.dir
      size: 44161
      nfiles: 14
    params:
      params.yaml:
        model:
          pretrained_model_name: distilbert-base-uncased
        training:
          batch_size: 8
          learning_rate: 2e-05
          max_epochs: 5
          weight_decay: 0.01
    outs:
    - path: models
      hash: md5
      md5: 29b302bd6d3c9062b207d69ea0801bc4.dir
      size: 796491280
      nfiles: 1
