schema: '2.0'
stages:
  ingest-data:
    cmd: python scripts/prepare_data.py
    outs:
    - path: data/tool-selection/tool_selection_dataset
      hash: md5
      md5: 770817133945f3938b7fbed7cfab9df9.dir
      size: 27265360
      nfiles: 10
  train:
    cmd: python scripts/train.py
    deps:
    - path: data/tool-selection/tool_selection_dataset
      hash: md5
      md5: b3b61a3cc7a62b56a046b322e0e2f080.dir
      size: 153244168
      nfiles: 19
    - path: scripts/train.py
      hash: md5
      md5: c26d4d46c7f9a06e4efb614e776fe0ea
      size: 2652
    - path: src
      hash: md5
      md5: f27a1c95f6bea16d462ebad5ec2e2822.dir
      size: 47288
      nfiles: 14
    params:
      params.yaml:
        model:
          pretrained_model_name: distilbert-base-uncased
        training:
          batch_size: 8
          learning_rate: 2e-05
          max_epochs: 5
          weight_decay: 0.01
    outs:
    - path: models
      hash: md5
      md5: 24a53242d18153dc0132d4602bd04d92.dir
      size: 796491472
      nfiles: 1
