schema: '2.0'
stages:
  ingest-data:
    cmd: python scripts/prepare_data.py
    outs:
    - path: data/tool-selection/tool_selection_dataset
      hash: md5
      md5: 002691bc2624908209f27cd39548d853.dir
      size: 27996187
      nfiles: 10
  train:
    cmd: python scripts/train.py
    deps:
    - path: data/tool-selection/tool_selection_dataset
      hash: md5
      md5: 13ca082f00f4a58472cc7f511c084624.dir
      size: 540597355
      nfiles: 46
    - path: scripts/train.py
      hash: md5
      md5: 9602c5bad050b7544cd36678a439e763
      size: 3533
    - path: src
      hash: md5
      md5: 9cd050e23bdcddb6394009d8a35a72e1.dir
      size: 122664
      nfiles: 48
    params:
      params.yaml:
        model:
          pretrained_model_name: distilbert-base-uncased
        training:
          batch_size: 8
          learning_rate: 2e-05
          max_epochs: 5
          weight_decay: 0.01
    outs:
    - path: models
      hash: md5
      md5: bf197f24f937d519901414f70635b5e6.dir
      size: 796515357
      nfiles: 1
